
Microsoft Visual Studio Solution File, Format Version 12.00
# Visual Studio Version 16
VisualStudioVersion = 16.0.31424.327
MinimumVisualStudioVersion = 10.0.40219.1
Project("{FAE04EC0-301F-11D3-BF4B-00C04F79EFBC}") = "WebSaler", "WebSaler\WebSaler.csproj", "{BB98B15A-B81D-4FF0-B4C7-64988B65EAA6}"
EndProject
Global
	GlobalSection(SolutionConfigurationPlatforms) = preSolution
		Debug|Any CPU = Debug|Any CPU
		Release|Any CPU = Release|Any CPU
	EndGlobalSection
	GlobalSection(ProjectConfigurationPlatforms) = postSolution
		{BB98B15A-B81D-4FF0-B4C7-64988B65EAA6}.Debug|Any CPU.ActiveCfg = Debug|Any CPU
		{BB98B15A-B81D-4FF0-B4C7-64988B65EAA6}.Debug|Any CPU.Build.0 = Debug|Any CPU
		{BB98B15A-B81D-4FF0-B4C7-64988B65EAA6}.Release|Any CPU.ActiveCfg = Release|Any CPU
		{BB98B15A-B81D-4FF0-B4C7-64988B65EAA6}.Release|Any CPU.Build.0 = Release|Any CPU
	EndGlobalSection
	GlobalSection(SolutionProperties) = preSolution
		HideSolutionNode = FALSE
	EndGlobalSection
	GlobalSection(ExtensibilityGlobals) = postSolution
		SolutionGuid = {4303FEF9-4341-41EB-A340-2BAF6C816B9C}
	EndGlobalSection
EndGlobal
